{
  "name": "frontend",
  "lockfileVersion": 3,
  "requires": true,
  "packages": {
    "": {
      "dependencies": {
        "easymarket-frontend": "file:..",
        "web-streams-polyfill": "^3.2.1"
      }
    },
    "..": {
      "name": "easymarket-frontend",
      "version": "1.0.0",
      "dependencies": {
        "web-streams-polyfill": "^3.2.1"
      },
      "devDependencies": {
        "@babel/core": "^7.24.0",
        "@types/jest": "^29.5.4",
        "@types/react": "~18.2.45",
        "babel-preset-expo": "^9.0.0",
        "identity-obj-proxy": "^3.0.0",
        "jest": "^29.6.0",
        "jest-environment-jsdom": "^29.6.0",
        "ts-jest": "^29.1.0",
        "typescript": "^5.3.3"
      }
    },
    "node_modules/easymarket-frontend": {
      "resolved": "..",
      "link": true
    },
    "node_modules/web-streams-polyfill": {
      "version": "3.2.1",
      "resolved": "https://registry.npmjs.org/web-streams-polyfill/-/web-streams-polyfill-3.2.1.tgz",
      "integrity": "sha512-e0MO3wdXWKrLbL0DgGnUV7WHVuw9OUvL4hjgnPkIeEvESk74gAITi5G606JtZPp39cd8HA9VQzCIvA49LpPN5Q==",
      "license": "MIT",
      "engines": {
        "node": ">= 8"
      }
    }
  }
}
